{
  "pins" : [
    {
      "identity" : "anycodable",
      "kind" : "remoteSourceControl",
      "location" : "https://github.com/mickeyl/AnyCodable",
      "state" : {
        "revision" : "bcbafbc461058bda170ca59013ba599b5613e72a",
        "version" : "0.6.6"
      }
    },
    {
      "identity" : "bitbytedata",
      "kind" : "remoteSourceControl",
      "location" : "https://github.com/tsolomko/BitByteData",
      "state" : {
        "revision" : "36df26fe4586b4f23d76cfd8b47076998343a2b2",
        "version" : "2.0.3"
      }
    },
    {
      "identity" : "cornucopiacore",
      "kind" : "remoteSourceControl",
      "location" : "https://github.com/Cornucopia-Swift/CornucopiaCore",
      "state" : {
        "branch" : "master",
        "revision" : "7f8b0184ad6cd0519b90967e329c42b689586d20"
      }
    },
    {
      "identity" : "linenoise-swift",
      "kind" : "remoteSourceControl",
      "location" : "https://github.com/andybest/linenoise-swift",
      "state" : {
        "branch" : "master",
        "revision" : "cbf0a35c6e159e4fe6a03f76c8a17ef08e907b0e"
      }
    },
    {
      "identity" : "nimble",
      "kind" : "remoteSourceControl",
      "location" : "https://github.com/Quick/Nimble.git",
      "state" : {
        "revision" : "7a46a5fc86cb917f69e3daf79fcb045283d8f008",
        "version" : "8.1.2"
      }
    },
    {
      "identity" : "swcompression",
      "kind" : "remoteSourceControl",
      "location" : "https://github.com/tsolomko/SWCompression",
      "state" : {
        "revision" : "cd39ca0a3b269173bab06f68b182b72fa690765c",
        "version" : "4.8.5"
      }
    },
    {
      "identity" : "swift-crypto",
      "kind" : "remoteSourceControl",
      "location" : "https://github.com/apple/swift-crypto",
      "state" : {
        "revision" : "33a20e650c33f6d72d822d558333f2085effa3dc",
        "version" : "2.5.0"
      }
    }
  ],
  "version" : 2
}
